
Microsoft Visual Studio Solution File, Format Version 12.00
# Visual Studio 15
Project("{FAE04EC0-301F-11D3-BF4B-00C04F79EFBC}") = "ReactWebApp", "ReactWebApp\ReactWebApp.csproj", "{D297BC41-8133-4579-AE2E-798C19E117BA}"
EndProject
Project("{FAE04EC0-301F-11D3-BF4B-00C04F79EFBC}") = "MapsNavigation", "MapsNavigation\MapsNavigation.csproj", "{4C1B48DB-2C94-4372-B06E-4E7063D608FC}"
EndProject
Project("{FAE04EC0-301F-11D3-BF4B-00C04F79EFBC}") = "MapsNavigationTests", "MapsNavigationTests\MapsNavigationTests.csproj", "{E428A5FA-26D8-470C-8E04-1FB7983B5361}"
EndProject
Global
	GlobalSection(SolutionConfigurationPlatforms) = preSolution
		Debug|Any CPU = Debug|Any CPU
		Release|Any CPU = Release|Any CPU
	EndGlobalSection
	GlobalSection(ProjectConfigurationPlatforms) = postSolution
		{D297BC41-8133-4579-AE2E-798C19E117BA}.Debug|Any CPU.ActiveCfg = Debug|Any CPU
		{D297BC41-8133-4579-AE2E-798C19E117BA}.Debug|Any CPU.Build.0 = Debug|Any CPU
		{D297BC41-8133-4579-AE2E-798C19E117BA}.Release|Any CPU.ActiveCfg = Release|Any CPU
		{D297BC41-8133-4579-AE2E-798C19E117BA}.Release|Any CPU.Build.0 = Release|Any CPU
		{4C1B48DB-2C94-4372-B06E-4E7063D608FC}.Debug|Any CPU.ActiveCfg = Debug|Any CPU
		{4C1B48DB-2C94-4372-B06E-4E7063D608FC}.Debug|Any CPU.Build.0 = Debug|Any CPU
		{4C1B48DB-2C94-4372-B06E-4E7063D608FC}.Release|Any CPU.ActiveCfg = Release|Any CPU
		{4C1B48DB-2C94-4372-B06E-4E7063D608FC}.Release|Any CPU.Build.0 = Release|Any CPU
		{E428A5FA-26D8-470C-8E04-1FB7983B5361}.Debug|Any CPU.ActiveCfg = Debug|Any CPU
		{E428A5FA-26D8-470C-8E04-1FB7983B5361}.Debug|Any CPU.Build.0 = Debug|Any CPU
		{E428A5FA-26D8-470C-8E04-1FB7983B5361}.Release|Any CPU.ActiveCfg = Release|Any CPU
		{E428A5FA-26D8-470C-8E04-1FB7983B5361}.Release|Any CPU.Build.0 = Release|Any CPU
	EndGlobalSection
EndGlobal
